// !$*UTF8*$!
{
	archiveVersion = 1;
	classes = {
	};
	objectVersion = 46;
	objects = {

/* Begin PBXBuildFile section */
		EEBB8C3F1F0E69ED00B8B7D7 /* AppDelegate.swift in Sources */ = {isa = PBXBuildFile; fileRef = EEBB8C3E1F0E69ED00B8B7D7 /* AppDelegate.swift */; };
		EEBB8C411F0E69ED00B8B7D7 /* ViewController.swift in Sources */ = {isa = PBXBuildFile; fileRef = EEBB8C401F0E69ED00B8B7D7 /* ViewController.swift */; };
		EEBB8C441F0E69ED00B8B7D7 /* Main.storyboard in Resources */ = {isa = PBXBuildFile; fileRef = EEBB8C421F0E69ED00B8B7D7 /* Main.storyboard */; };
		EEBB8C461F0E69ED00B8B7D7 /* Assets.xcassets in Resources */ = {isa = PBXBuildFile; fileRef = EEBB8C451F0E69ED00B8B7D7 /* Assets.xcassets */; };
		EEBB8C491F0E69ED00B8B7D7 /* LaunchScreen.storyboard in Resources */ = {isa = PBXBuildFile; fileRef = EEBB8C471F0E69ED00B8B7D7 /* LaunchScreen.storyboard */; };
		EEBB8C591F1066BF00B8B7D7 /* background.jpeg in Resources */ = {isa = PBXBuildFile; fileRef = EEBB8C511F1066BF00B8B7D7 /* background.jpeg */; };
		EEBB8C5A1F1066BF00B8B7D7 /* lamborghini-aventador.jpg in Resources */ = {isa = PBXBuildFile; fileRef = EEBB8C521F1066BF00B8B7D7 /* lamborghini-aventador.jpg */; };
		EEBB8C5B1F1066BF00B8B7D7 /* lamborghini-huracan.jpg in Resources */ = {isa = PBXBuildFile; fileRef = EEBB8C531F1066BF00B8B7D7 /* lamborghini-huracan.jpg */; };
		EEBB8C5C1F1066BF00B8B7D7 /* lamborghini-veneno.jpg in Resources */ = {isa = PBXBuildFile; fileRef = EEBB8C541F1066BF00B8B7D7 /* lamborghini-veneno.jpg */; };
		EEBB8C5D1F1066BF00B8B7D7 /* porsche-911.jpg in Resources */ = {isa = PBXBuildFile; fileRef = EEBB8C551F1066BF00B8B7D7 /* porsche-911.jpg */; };
		EEBB8C5E1F1066BF00B8B7D7 /* porsche-boxter.jpg in Resources */ = {isa = PBXBuildFile; fileRef = EEBB8C561F1066BF00B8B7D7 /* porsche-boxter.jpg */; };
		EEBB8C5F1F1066BF00B8B7D7 /* tesla-model-s.jpg in Resources */ = {isa = PBXBuildFile; fileRef = EEBB8C571F1066BF00B8B7D7 /* tesla-model-s.jpg */; };
		EEBB8C601F1066BF00B8B7D7 /* tesla-model-x.jpg in Resources */ = {isa = PBXBuildFile; fileRef = EEBB8C581F1066BF00B8B7D7 /* tesla-model-x.jpg */; };
/* End PBXBuildFile section */

/* Begin PBXFileReference section */
		EEBB8C3B1F0E69EC00B8B7D7 /* SelectCar.app */ = {isa = PBXFileReference; explicitFileType = wrapper.application; includeInIndex = 0; path = SelectCar.app; sourceTree = BUILT_PRODUCTS_DIR; };
		EEBB8C3E1F0E69ED00B8B7D7 /* AppDelegate.swift */ = {isa = PBXFileReference; lastKnownFileType = sourcecode.swift; path = AppDelegate.swift; sourceTree = "<group>"; };
		EEBB8C401F0E69ED00B8B7D7 /* ViewController.swift */ = {isa = PBXFileReference; lastKnownFileType = sourcecode.swift; path = ViewController.swift; sourceTree = "<group>"; };
		EEBB8C431F0E69ED00B8B7D7 /* Base */ = {isa = PBXFileReference; lastKnownFileType = file.storyboard; name = Base; path = Base.lproj/Main.storyboard; sourceTree = "<group>"; };
		EEBB8C451F0E69ED00B8B7D7 /* Assets.xcassets */ = {isa = PBXFileReference; lastKnownFileType = folder.assetcatalog; path = Assets.xcassets; sourceTree = "<group>"; };
		EEBB8C481F0E69ED00B8B7D7 /* Base */ = {isa = PBXFileReference; lastKnownFileType = file.storyboard; name = Base; path = Base.lproj/LaunchScreen.storyboard; sourceTree = "<group>"; };
		EEBB8C4A1F0E69ED00B8B7D7 /* Info.plist */ = {isa = PBXFileReference; lastKnownFileType = text.plist.xml; path = Info.plist; sourceTree = "<group>"; };
		EEBB8C511F1066BF00B8B7D7 /* background.jpeg */ = {isa = PBXFileReference; lastKnownFileType = image.jpeg; path = background.jpeg; sourceTree = "<group>"; };
		EEBB8C521F1066BF00B8B7D7 /* lamborghini-aventador.jpg */ = {isa = PBXFileReference; lastKnownFileType = image.jpeg; path = "lamborghini-aventador.jpg"; sourceTree = "<group>"; };
		EEBB8C531F1066BF00B8B7D7 /* lamborghini-huracan.jpg */ = {isa = PBXFileReference; lastKnownFileType = image.jpeg; path = "lamborghini-huracan.jpg"; sourceTree = "<group>"; };
		EEBB8C541F1066BF00B8B7D7 /* lamborghini-veneno.jpg */ = {isa = PBXFileReference; lastKnownFileType = image.jpeg; path = "lamborghini-veneno.jpg"; sourceTree = "<group>"; };
		EEBB8C551F1066BF00B8B7D7 /* porsche-911.jpg */ = {isa = PBXFileReference; lastKnownFileType = image.jpeg; path = "porsche-911.jpg"; sourceTree = "<group>"; };
		EEBB8C561F1066BF00B8B7D7 /* porsche-boxter.jpg */ = {isa = PBXFileReference; lastKnownFileType = image.jpeg; path = "porsche-boxter.jpg"; sourceTree = "<group>"; };
		EEBB8C571F1066BF00B8B7D7 /* tesla-model-s.jpg */ = {isa = PBXFileReference; lastKnownFileType = image.jpeg; path = "tesla-model-s.jpg"; sourceTree = "<group>"; };
		EEBB8C581F1066BF00B8B7D7 /* tesla-model-x.jpg */ = {isa = PBXFileReference; lastKnownFileType = image.jpeg; path = "tesla-model-x.jpg"; sourceTree = "<group>"; };
/* End PBXFileReference section */

/* Begin PBXFrameworksBuildPhase section */
		EEBB8C381F0E69EC00B8B7D7 /* Frameworks */ = {
			isa = PBXFrameworksBuildPhase;
			buildActionMask = 2147483647;
			files = (
			);
			runOnlyForDeploymentPostprocessing = 0;
		};
/* End PBXFrameworksBuildPhase section */

/* Begin PBXGroup section */
		EEBB8C321F0E69EC00B8B7D7 = {
			isa = PBXGroup;
			children = (
				EEBB8C3D1F0E69EC00B8B7D7 /* SelectCar */,
				EEBB8C3C1F0E69EC00B8B7D7 /* Products */,
			);
			sourceTree = "<group>";
		};
		EEBB8C3C1F0E69EC00B8B7D7 /* Products */ = {
			isa = PBXGroup;
			children = (
				EEBB8C3B1F0E69EC00B8B7D7 /* SelectCar.app */,
			);
			name = Products;
			sourceTree = "<group>";
		};
		EEBB8C3D1F0E69EC00B8B7D7 /* SelectCar */ = {
			isa = PBXGroup;
			children = (
				EEBB8C501F0E6A1C00B8B7D7 /* Resource */,
				EEBB8C3E1F0E69ED00B8B7D7 /* AppDelegate.swift */,
				EEBB8C401F0E69ED00B8B7D7 /* ViewController.swift */,
				EEBB8C421F0E69ED00B8B7D7 /* Main.storyboard */,
				EEBB8C451F0E69ED00B8B7D7 /* Assets.xcassets */,
				EEBB8C471F0E69ED00B8B7D7 /* LaunchScreen.storyboard */,
				EEBB8C4A1F0E69ED00B8B7D7 /* Info.plist */,
			);
			path = SelectCar;
			sourceTree = "<group>";
		};
		EEBB8C501F0E6A1C00B8B7D7 /* Resource */ = {
			isa = PBXGroup;
			children = (
				EEBB8C511F1066BF00B8B7D7 /* background.jpeg */,
				EEBB8C521F1066BF00B8B7D7 /* lamborghini-aventador.jpg */,
				EEBB8C531F1066BF00B8B7D7 /* lamborghini-huracan.jpg */,
				EEBB8C541F1066BF00B8B7D7 /* lamborghini-veneno.jpg */,
				EEBB8C551F1066BF00B8B7D7 /* porsche-911.jpg */,
				EEBB8C561F1066BF00B8B7D7 /* porsche-boxter.jpg */,
				EEBB8C571F1066BF00B8B7D7 /* tesla-model-s.jpg */,
				EEBB8C581F1066BF00B8B7D7 /* tesla-model-x.jpg */,
			);
			name = Resource;
			sourceTree = "<group>";
		};
/* End PBXGroup section */

/* Begin PBXNativeTarget section */
		EEBB8C3A1F0E69EC00B8B7D7 /* SelectCar */ = {
			isa = PBXNativeTarget;
			buildConfigurationList = EEBB8C4D1F0E69ED00B8B7D7 /* Build configuration list for PBXNativeTarget "SelectCar" */;
			buildPhases = (
				EEBB8C371F0E69EC00B8B7D7 /* Sources */,
				EEBB8C381F0E69EC00B8B7D7 /* Frameworks */,
				EEBB8C391F0E69EC00B8B7D7 /* Resources */,
			);
			buildRules = (
			);
			dependencies = (
			);
			name = SelectCar;
			productName = SelectCar;
			productReference = EEBB8C3B1F0E69EC00B8B7D7 /* SelectCar.app */;
			productType = "com.apple.product-type.application";
		};
/* End PBXNativeTarget section */

/* Begin PBXProject section */
		EEBB8C331F0E69EC00B8B7D7 /* Project object */ = {
			isa = PBXProject;
			attributes = {
				LastSwiftUpdateCheck = 0830;
				LastUpgradeCheck = 0830;
				ORGANIZATIONNAME = Kim;
				TargetAttributes = {
					EEBB8C3A1F0E69EC00B8B7D7 = {
						CreatedOnToolsVersion = 8.3.3;
						DevelopmentTeam = W65VYK4RWD;
						ProvisioningStyle = Automatic;
					};
				};
			};
			buildConfigurationList = EEBB8C361F0E69EC00B8B7D7 /* Build configuration list for PBXProject "SelectCar" */;
			compatibilityVersion = "Xcode 3.2";
			developmentRegion = English;
			hasScannedForEncodings = 0;
			knownRegions = (
				en,
				Base,
			);
			mainGroup = EEBB8C321F0E69EC00B8B7D7;
			productRefGroup = EEBB8C3C1F0E69EC00B8B7D7 /* Products */;
			projectDirPath = "";
			projectRoot = "";
			targets = (
				EEBB8C3A1F0E69EC00B8B7D7 /* SelectCar */,
			);
		};
/* End PBXProject section */

/* Begin PBXResourcesBuildPhase section */
		EEBB8C391F0E69EC00B8B7D7 /* Resources */ = {
			isa = PBXResourcesBuildPhase;
			buildActionMask = 2147483647;
			files = (
				EEBB8C491F0E69ED00B8B7D7 /* LaunchScreen.storyboard in Resources */,
				EEBB8C5F1F1066BF00B8B7D7 /* tesla-model-s.jpg in Resources */,
				EEBB8C5B1F1066BF00B8B7D7 /* lamborghini-huracan.jpg in Resources */,
				EEBB8C5D1F1066BF00B8B7D7 /* porsche-911.jpg in Resources */,
				EEBB8C461F0E69ED00B8B7D7 /* Assets.xcassets in Resources */,
				EEBB8C441F0E69ED00B8B7D7 /* Main.storyboard in Resources */,
				EEBB8C591F1066BF00B8B7D7 /* background.jpeg in Resources */,
				EEBB8C5A1F1066BF00B8B7D7 /* lamborghini-aventador.jpg in Resources */,
				EEBB8C5C1F1066BF00B8B7D7 /* lamborghini-veneno.jpg in Resources */,
				EEBB8C5E1F1066BF00B8B7D7 /* porsche-boxter.jpg in Resources */,
				EEBB8C601F1066BF00B8B7D7 /* tesla-model-x.jpg in Resources */,
			);
			runOnlyForDeploymentPostprocessing = 0;
		};
/* End PBXResourcesBuildPhase section */

/* Begin PBXSourcesBuildPhase section */
		EEBB8C371F0E69EC00B8B7D7 /* Sources */ = {
			isa = PBXSourcesBuildPhase;
			buildActionMask = 2147483647;
			files = (
				EEBB8C411F0E69ED00B8B7D7 /* ViewController.swift in Sources */,
				EEBB8C3F1F0E69ED00B8B7D7 /* AppDelegate.swift in Sources */,
			);
			runOnlyForDeploymentPostprocessing = 0;
		};
/* End PBXSourcesBuildPhase section */

/* Begin PBXVariantGroup section */
		EEBB8C421F0E69ED00B8B7D7 /* Main.storyboard */ = {
			isa = PBXVariantGroup;
			children = (
				EEBB8C431F0E69ED00B8B7D7 /* Base */,
			);
			name = Main.storyboard;
			sourceTree = "<group>";
		};
		EEBB8C471F0E69ED00B8B7D7 /* LaunchScreen.storyboard */ = {
			isa = PBXVariantGroup;
			children = (
				EEBB8C481F0E69ED00B8B7D7 /* Base */,
			);
			name = LaunchScreen.storyboard;
			sourceTree = "<group>";
		};
/* End PBXVariantGroup section */

/* Begin XCBuildConfiguration section */
		EEBB8C4B1F0E69ED00B8B7D7 /* Debug */ = {
			isa = XCBuildConfiguration;
			buildSettings = {
				ALWAYS_SEARCH_USER_PATHS = NO;
				CLANG_ANALYZER_NONNULL = YES;
				CLANG_ANALYZER_NUMBER_OBJECT_CONVERSION = YES_AGGRESSIVE;
				CLANG_CXX_LANGUAGE_STANDARD = "gnu++0x";
				CLANG_CXX_LIBRARY = "libc++";
				CLANG_ENABLE_MODULES = YES;
				CLANG_ENABLE_OBJC_ARC = YES;
				CLANG_WARN_BOOL_CONVERSION = YES;
				CLANG_WARN_CONSTANT_CONVERSION = YES;
				CLANG_WARN_DIRECT_OBJC_ISA_USAGE = YES_ERROR;
				CLANG_WARN_DOCUMENTATION_COMMENTS = YES;
				CLANG_WARN_EMPTY_BODY = YES;
				CLANG_WARN_ENUM_CONVERSION = YES;
				CLANG_WARN_INFINITE_RECURSION = YES;
				CLANG_WARN_INT_CONVERSION = YES;
				CLANG_WARN_OBJC_ROOT_CLASS = YES_ERROR;
				CLANG_WARN_SUSPICIOUS_MOVE = YES;
				CLANG_WARN_UNREACHABLE_CODE = YES;
				CLANG_WARN__DUPLICATE_METHOD_MATCH = YES;
				"CODE_SIGN_IDENTITY[sdk=iphoneos*]" = "iPhone Developer";
				COPY_PHASE_STRIP = NO;
				DEBUG_INFORMATION_FORMAT = dwarf;
				ENABLE_STRICT_OBJC_MSGSEND = YES;
				ENABLE_TESTABILITY = YES;
				GCC_C_LANGUAGE_STANDARD = gnu99;
				GCC_DYNAMIC_NO_PIC = NO;
				GCC_NO_COMMON_BLOCKS = YES;
				GCC_OPTIMIZATION_LEVEL = 0;
				GCC_PREPROCESSOR_DEFINITIONS = (
					"DEBUG=1",
					"$(inherited)",
				);
				GCC_WARN_64_TO_32_BIT_CONVERSION = YES;
				GCC_WARN_ABOUT_RETURN_TYPE = YES_ERROR;
				GCC_WARN_UNDECLARED_SELECTOR = YES;
				GCC_WARN_UNINITIALIZED_AUTOS = YES_AGGRESSIVE;
				GCC_WARN_UNUSED_FUNCTION = YES;
				GCC_WARN_UNUSED_VARIABLE = YES;
				IPHONEOS_DEPLOYMENT_TARGET = 10.3;
				MTL_ENABLE_DEBUG_INFO = YES;
				ONLY_ACTIVE_ARCH = YES;
				SDKROOT = iphoneos;
				SWIFT_ACTIVE_COMPILATION_CONDITIONS = DEBUG;
				SWIFT_OPTIMIZATION_LEVEL = "-Onone";
			};
			name = Debug;
		};
		EEBB8C4C1F0E69ED00B8B7D7 /* Release */ = {
			isa = XCBuildConfiguration;
			buildSettings = {
				ALWAYS_SEARCH_USER_PATHS = NO;
				CLANG_ANALYZER_NONNULL = YES;
				CLANG_ANALYZER_NUMBER_OBJECT_CONVERSION = YES_AGGRESSIVE;
				CLANG_CXX_LANGUAGE_STANDARD = "gnu++0x";
				CLANG_CXX_LIBRARY = "libc++";
				CLANG_ENABLE_MODULES = YES;
				CLANG_ENABLE_OBJC_ARC = YES;
				CLANG_WARN_BOOL_CONVERSION = YES;
				CLANG_WARN_CONSTANT_CONVERSION = YES;
				CLANG_WARN_DIRECT_OBJC_ISA_USAGE = YES_ERROR;
				CLANG_WARN_DOCUMENTATION_COMMENTS = YES;
				CLANG_WARN_EMPTY_BODY = YES;
				CLANG_WARN_ENUM_CONVERSION = YES;
				CLANG_WARN_INFINITE_RECURSION = YES;
				CLANG_WARN_INT_CONVERSION = YES;
				CLANG_WARN_OBJC_ROOT_CLASS = YES_ERROR;
				CLANG_WARN_SUSPICIOUS_MOVE = YES;
				CLANG_WARN_UNREACHABLE_CODE = YES;
				CLANG_WARN__DUPLICATE_METHOD_MATCH = YES;
				"CODE_SIGN_IDENTITY[sdk=iphoneos*]" = "iPhone Developer";
				COPY_PHASE_STRIP = NO;
				DEBUG_INFORMATION_FORMAT = "dwarf-with-dsym";
				ENABLE_NS_ASSERTIONS = NO;
				ENABLE_STRICT_OBJC_MSGSEND = YES;
				GCC_C_LANGUAGE_STANDARD = gnu99;
				GCC_NO_COMMON_BLOCKS = YES;
				GCC_WARN_64_TO_32_BIT_CONVERSION = YES;
				GCC_WARN_ABOUT_RETURN_TYPE = YES_ERROR;
				GCC_WARN_UNDECLARED_SELECTOR = YES;
				GCC_WARN_UNINITIALIZED_AUTOS = YES_AGGRESSIVE;
				GCC_WARN_UNUSED_FUNCTION = YES;
				GCC_WARN_UNUSED_VARIABLE = YES;
				IPHONEOS_DEPLOYMENT_TARGET = 10.3;
				MTL_ENABLE_DEBUG_INFO = NO;
				SDKROOT = iphoneos;
				SWIFT_OPTIMIZATION_LEVEL = "-Owholemodule";
				VALIDATE_PRODUCT = YES;
			};
			name = Release;
		};
		EEBB8C4E1F0E69ED00B8B7D7 /* Debug */ = {
			isa = XCBuildConfiguration;
			buildSettings = {
				ASSETCATALOG_COMPILER_APPICON_NAME = AppIcon;
				DEVELOPMENT_TEAM = W65VYK4RWD;
				INFOPLIST_FILE = SelectCar/Info.plist;
				LD_RUNPATH_SEARCH_PATHS = "$(inherited) @executable_path/Frameworks";
				PRODUCT_BUNDLE_IDENTIFIER = kr.co.SelectCar;
				PRODUCT_NAME = "$(TARGET_NAME)";
				SWIFT_VERSION = 3.0;
			};
			name = Debug;
		};
		EEBB8C4F1F0E69ED00B8B7D7 /* Release */ = {
			isa = XCBuildConfiguration;
			buildSettings = {
				ASSETCATALOG_COMPILER_APPICON_NAME = AppIcon;
				DEVELOPMENT_TEAM = W65VYK4RWD;
				INFOPLIST_FILE = SelectCar/Info.plist;
				LD_RUNPATH_SEARCH_PATHS = "$(inherited) @executable_path/Frameworks";
				PRODUCT_BUNDLE_IDENTIFIER = kr.co.SelectCar;
				PRODUCT_NAME = "$(TARGET_NAME)";
				SWIFT_VERSION = 3.0;
			};
			name = Release;
		};
/* End XCBuildConfiguration section */

/* Begin XCConfigurationList section */
		EEBB8C361F0E69EC00B8B7D7 /* Build configuration list for PBXProject "SelectCar" */ = {
			isa = XCConfigurationList;
			buildConfigurations = (
				EEBB8C4B1F0E69ED00B8B7D7 /* Debug */,
				EEBB8C4C1F0E69ED00B8B7D7 /* Release */,
			);
			defaultConfigurationIsVisible = 0;
			defaultConfigurationName = Release;
		};
		EEBB8C4D1F0E69ED00B8B7D7 /* Build configuration list for PBXNativeTarget "SelectCar" */ = {
			isa = XCConfigurationList;
			buildConfigurations = (
				EEBB8C4E1F0E69ED00B8B7D7 /* Debug */,
				EEBB8C4F1F0E69ED00B8B7D7 /* Release */,
			);
			defaultConfigurationIsVisible = 0;
		};
/* End XCConfigurationList section */
	};
	rootObject = EEBB8C331F0E69EC00B8B7D7 /* Project object */;
}
